
Microsoft Visual Studio Solution File, Format Version 12.00
# Visual Studio Version 16
VisualStudioVersion = 16.0.30002.166
MinimumVisualStudioVersion = 10.0.40219.1
Project("{FAE04EC0-301F-11D3-BF4B-00C04F79EFBC}") = "QuarantineChefs", "QuarantineChefs\QuarantineChefs.csproj", "{65C9026C-A22B-48B7-93BC-5ED542020548}"
EndProject
Global
	GlobalSection(SolutionConfigurationPlatforms) = preSolution
		Debug|Any CPU = Debug|Any CPU
		Release|Any CPU = Release|Any CPU
	EndGlobalSection
	GlobalSection(ProjectConfigurationPlatforms) = postSolution
		{65C9026C-A22B-48B7-93BC-5ED542020548}.Debug|Any CPU.ActiveCfg = Debug|Any CPU
		{65C9026C-A22B-48B7-93BC-5ED542020548}.Debug|Any CPU.Build.0 = Debug|Any CPU
		{65C9026C-A22B-48B7-93BC-5ED542020548}.Release|Any CPU.ActiveCfg = Release|Any CPU
		{65C9026C-A22B-48B7-93BC-5ED542020548}.Release|Any CPU.Build.0 = Release|Any CPU
	EndGlobalSection
	GlobalSection(SolutionProperties) = preSolution
		HideSolutionNode = FALSE
	EndGlobalSection
	GlobalSection(ExtensibilityGlobals) = postSolution
		SolutionGuid = {D4B1C168-1552-4752-B99F-E4078E6B3B46}
	EndGlobalSection
EndGlobal
